// !$*UTF8*$!
{
	archiveVersion = 1;
	classes = {
	};
	objectVersion = 77;
	objects = {

/* Begin PBXBuildFile section */
		54FD646D2DDA105400874B53 /* CoreKit in Frameworks */ = {isa = PBXBuildFile; productRef = 54FD646C2DDA105400874B53 /* CoreKit */; };
		54FD646F2DDA105400874B53 /* DataKit in Frameworks */ = {isa = PBXBuildFile; productRef = 54FD646E2DDA105400874B53 /* DataKit */; };
		54FD64712DDA105400874B53 /* DomainRepositories in Frameworks */ = {isa = PBXBuildFile; productRef = 54FD64702DDA105400874B53 /* DomainRepositories */; };
		54FD64732DDA105400874B53 /* GlobalEntities in Frameworks */ = {isa = PBXBuildFile; productRef = 54FD64722DDA105400874B53 /* GlobalEntities */; };
		54FD64752DDA105400874B53 /* GlobalUsecase in Frameworks */ = {isa = PBXBuildFile; productRef = 54FD64742DDA105400874B53 /* GlobalUsecase */; };
		54FD64772DDA105400874B53 /* HomeGitKit in Frameworks */ = {isa = PBXBuildFile; productRef = 54FD64762DDA105400874B53 /* HomeGitKit */; };
		54FD64792DDA105400874B53 /* NetworkProvider in Frameworks */ = {isa = PBXBuildFile; productRef = 54FD64782DDA105400874B53 /* NetworkProvider */; };
		54FD647B2DDA105400874B53 /* PersistentStorages in Frameworks */ = {isa = PBXBuildFile; productRef = 54FD647A2DDA105400874B53 /* PersistentStorages */; };
/* End PBXBuildFile section */

/* Begin PBXContainerItemProxy section */
		54A20C502DDA0F59007E1C41 /* PBXContainerItemProxy */ = {
			isa = PBXContainerItemProxy;
			containerPortal = 54A20C312DDA0F58007E1C41 /* Project object */;
			proxyType = 1;
			remoteGlobalIDString = 54A20C382DDA0F58007E1C41;
			remoteInfo = homebank;
		};
		54A20C5A2DDA0F59007E1C41 /* PBXContainerItemProxy */ = {
			isa = PBXContainerItemProxy;
			containerPortal = 54A20C312DDA0F58007E1C41 /* Project object */;
			proxyType = 1;
			remoteGlobalIDString = 54A20C382DDA0F58007E1C41;
			remoteInfo = homebank;
		};
/* End PBXContainerItemProxy section */

/* Begin PBXFileReference section */
		54A20C392DDA0F58007E1C41 /* homebank.app */ = {isa = PBXFileReference; explicitFileType = wrapper.application; includeInIndex = 0; path = homebank.app; sourceTree = BUILT_PRODUCTS_DIR; };
		54A20C4F2DDA0F59007E1C41 /* homebankTests.xctest */ = {isa = PBXFileReference; explicitFileType = wrapper.cfbundle; includeInIndex = 0; path = homebankTests.xctest; sourceTree = BUILT_PRODUCTS_DIR; };
		54A20C592DDA0F59007E1C41 /* homebankUITests.xctest */ = {isa = PBXFileReference; explicitFileType = wrapper.cfbundle; includeInIndex = 0; path = homebankUITests.xctest; sourceTree = BUILT_PRODUCTS_DIR; };
		54FD64652DDA102A00874B53 /* CoreKit */ = {isa = PBXFileReference; lastKnownFileType = wrapper; path = CoreKit; sourceTree = "<group>"; };
		54FD64662DDA102A00874B53 /* DataKit */ = {isa = PBXFileReference; lastKnownFileType = wrapper; path = DataKit; sourceTree = "<group>"; };
		54FD64672DDA102A00874B53 /* DomainKit */ = {isa = PBXFileReference; lastKnownFileType = wrapper; path = DomainKit; sourceTree = "<group>"; };
		54FD64682DDA102A00874B53 /* HomeGitKit */ = {isa = PBXFileReference; lastKnownFileType = wrapper; path = HomeGitKit; sourceTree = "<group>"; };
		54FD64692DDA102A00874B53 /* Infrastructure */ = {isa = PBXFileReference; lastKnownFileType = wrapper; path = Infrastructure; sourceTree = "<group>"; };
/* End PBXFileReference section */

/* Begin PBXFileSystemSynchronizedBuildFileExceptionSet section */
		54A20C612DDA0F59007E1C41 /* Exceptions for "homebank" folder in "homebank" target */ = {
			isa = PBXFileSystemSynchronizedBuildFileExceptionSet;
			membershipExceptions = (
				Info.plist,
			);
			target = 54A20C382DDA0F58007E1C41 /* homebank */;
		};
/* End PBXFileSystemSynchronizedBuildFileExceptionSet section */

/* Begin PBXFileSystemSynchronizedRootGroup section */
		54A20C3B2DDA0F58007E1C41 /* homebank */ = {
			isa = PBXFileSystemSynchronizedRootGroup;
			exceptions = (
				54A20C612DDA0F59007E1C41 /* Exceptions for "homebank" folder in "homebank" target */,
			);
			path = homebank;
			sourceTree = "<group>";
		};
		54A20C522DDA0F59007E1C41 /* homebankTests */ = {
			isa = PBXFileSystemSynchronizedRootGroup;
			path = homebankTests;
			sourceTree = "<group>";
		};
		54A20C5C2DDA0F59007E1C41 /* homebankUITests */ = {
			isa = PBXFileSystemSynchronizedRootGroup;
			path = homebankUITests;
			sourceTree = "<group>";
		};
/* End PBXFileSystemSynchronizedRootGroup section */

/* Begin PBXFrameworksBuildPhase section */
		54A20C362DDA0F58007E1C41 /* Frameworks */ = {
			isa = PBXFrameworksBuildPhase;
			buildActionMask = 2147483647;
			files = (
				54FD64732DDA105400874B53 /* GlobalEntities in Frameworks */,
				54FD64792DDA105400874B53 /* NetworkProvider in Frameworks */,
				54FD64712DDA105400874B53 /* DomainRepositories in Frameworks */,
				54FD647B2DDA105400874B53 /* PersistentStorages in Frameworks */,
				54FD646D2DDA105400874B53 /* CoreKit in Frameworks */,
				54FD64772DDA105400874B53 /* HomeGitKit in Frameworks */,
				54FD64752DDA105400874B53 /* GlobalUsecase in Frameworks */,
				54FD646F2DDA105400874B53 /* DataKit in Frameworks */,
			);
			runOnlyForDeploymentPostprocessing = 0;
		};
		54A20C4C2DDA0F59007E1C41 /* Frameworks */ = {
			isa = PBXFrameworksBuildPhase;
			buildActionMask = 2147483647;
			files = (
			);
			runOnlyForDeploymentPostprocessing = 0;
		};
		54A20C562DDA0F59007E1C41 /* Frameworks */ = {
			isa = PBXFrameworksBuildPhase;
			buildActionMask = 2147483647;
			files = (
			);
			runOnlyForDeploymentPostprocessing = 0;
		};
/* End PBXFrameworksBuildPhase section */

/* Begin PBXGroup section */
		54A20C302DDA0F58007E1C41 = {
			isa = PBXGroup;
			children = (
				54FD646A2DDA102A00874B53 /* packages */,
				54A20C3B2DDA0F58007E1C41 /* homebank */,
				54A20C522DDA0F59007E1C41 /* homebankTests */,
				54A20C5C2DDA0F59007E1C41 /* homebankUITests */,
				54FD646B2DDA105400874B53 /* Frameworks */,
				54A20C3A2DDA0F58007E1C41 /* Products */,
			);
			sourceTree = "<group>";
		};
		54A20C3A2DDA0F58007E1C41 /* Products */ = {
			isa = PBXGroup;
			children = (
				54A20C392DDA0F58007E1C41 /* homebank.app */,
				54A20C4F2DDA0F59007E1C41 /* homebankTests.xctest */,
				54A20C592DDA0F59007E1C41 /* homebankUITests.xctest */,
			);
			name = Products;
			sourceTree = "<group>";
		};
		54FD646A2DDA102A00874B53 /* packages */ = {
			isa = PBXGroup;
			children = (
				54FD64692DDA102A00874B53 /* Infrastructure */,
				54FD64652DDA102A00874B53 /* CoreKit */,
				54FD64662DDA102A00874B53 /* DataKit */,
				54FD64672DDA102A00874B53 /* DomainKit */,
				54FD64682DDA102A00874B53 /* HomeGitKit */,
			);
			path = packages;
			sourceTree = "<group>";
		};
		54FD646B2DDA105400874B53 /* Frameworks */ = {
			isa = PBXGroup;
			children = (
			);
			name = Frameworks;
			sourceTree = "<group>";
		};
/* End PBXGroup section */

/* Begin PBXNativeTarget section */
		54A20C382DDA0F58007E1C41 /* homebank */ = {
			isa = PBXNativeTarget;
			buildConfigurationList = 54A20C622DDA0F59007E1C41 /* Build configuration list for PBXNativeTarget "homebank" */;
			buildPhases = (
				54A20C352DDA0F58007E1C41 /* Sources */,
				54A20C362DDA0F58007E1C41 /* Frameworks */,
				54A20C372DDA0F58007E1C41 /* Resources */,
			);
			buildRules = (
			);
			dependencies = (
			);
			fileSystemSynchronizedGroups = (
				54A20C3B2DDA0F58007E1C41 /* homebank */,
			);
			name = homebank;
			packageProductDependencies = (
				54FD646C2DDA105400874B53 /* CoreKit */,
				54FD646E2DDA105400874B53 /* DataKit */,
				54FD64702DDA105400874B53 /* DomainRepositories */,
				54FD64722DDA105400874B53 /* GlobalEntities */,
				54FD64742DDA105400874B53 /* GlobalUsecase */,
				54FD64762DDA105400874B53 /* HomeGitKit */,
				54FD64782DDA105400874B53 /* NetworkProvider */,
				54FD647A2DDA105400874B53 /* PersistentStorages */,
			);
			productName = homebank;
			productReference = 54A20C392DDA0F58007E1C41 /* homebank.app */;
			productType = "com.apple.product-type.application";
		};
		54A20C4E2DDA0F59007E1C41 /* homebankTests */ = {
			isa = PBXNativeTarget;
			buildConfigurationList = 54A20C672DDA0F59007E1C41 /* Build configuration list for PBXNativeTarget "homebankTests" */;
			buildPhases = (
				54A20C4B2DDA0F59007E1C41 /* Sources */,
				54A20C4C2DDA0F59007E1C41 /* Frameworks */,
				54A20C4D2DDA0F59007E1C41 /* Resources */,
			);
			buildRules = (
			);
			dependencies = (
				54A20C512DDA0F59007E1C41 /* PBXTargetDependency */,
			);
			fileSystemSynchronizedGroups = (
				54A20C522DDA0F59007E1C41 /* homebankTests */,
			);
			name = homebankTests;
			packageProductDependencies = (
			);
			productName = homebankTests;
			productReference = 54A20C4F2DDA0F59007E1C41 /* homebankTests.xctest */;
			productType = "com.apple.product-type.bundle.unit-test";
		};
		54A20C582DDA0F59007E1C41 /* homebankUITests */ = {
			isa = PBXNativeTarget;
			buildConfigurationList = 54A20C6A2DDA0F59007E1C41 /* Build configuration list for PBXNativeTarget "homebankUITests" */;
			buildPhases = (
				54A20C552DDA0F59007E1C41 /* Sources */,
				54A20C562DDA0F59007E1C41 /* Frameworks */,
				54A20C572DDA0F59007E1C41 /* Resources */,
			);
			buildRules = (
			);
			dependencies = (
				54A20C5B2DDA0F59007E1C41 /* PBXTargetDependency */,
			);
			fileSystemSynchronizedGroups = (
				54A20C5C2DDA0F59007E1C41 /* homebankUITests */,
			);
			name = homebankUITests;
			packageProductDependencies = (
			);
			productName = homebankUITests;
			productReference = 54A20C592DDA0F59007E1C41 /* homebankUITests.xctest */;
			productType = "com.apple.product-type.bundle.ui-testing";
		};
/* End PBXNativeTarget section */

/* Begin PBXProject section */
		54A20C312DDA0F58007E1C41 /* Project object */ = {
			isa = PBXProject;
			attributes = {
				BuildIndependentTargetsInParallel = 1;
				LastSwiftUpdateCheck = 1620;
				LastUpgradeCheck = 1620;
				TargetAttributes = {
					54A20C382DDA0F58007E1C41 = {
						CreatedOnToolsVersion = 16.2;
					};
					54A20C4E2DDA0F59007E1C41 = {
						CreatedOnToolsVersion = 16.2;
						TestTargetID = 54A20C382DDA0F58007E1C41;
					};
					54A20C582DDA0F59007E1C41 = {
						CreatedOnToolsVersion = 16.2;
						TestTargetID = 54A20C382DDA0F58007E1C41;
					};
				};
			};
			buildConfigurationList = 54A20C342DDA0F58007E1C41 /* Build configuration list for PBXProject "homebank" */;
			developmentRegion = en;
			hasScannedForEncodings = 0;
			knownRegions = (
				en,
				Base,
			);
			mainGroup = 54A20C302DDA0F58007E1C41;
			minimizedProjectReferenceProxies = 1;
			preferredProjectObjectVersion = 77;
			productRefGroup = 54A20C3A2DDA0F58007E1C41 /* Products */;
			projectDirPath = "";
			projectRoot = "";
			targets = (
				54A20C382DDA0F58007E1C41 /* homebank */,
				54A20C4E2DDA0F59007E1C41 /* homebankTests */,
				54A20C582DDA0F59007E1C41 /* homebankUITests */,
			);
		};
/* End PBXProject section */

/* Begin PBXResourcesBuildPhase section */
		54A20C372DDA0F58007E1C41 /* Resources */ = {
			isa = PBXResourcesBuildPhase;
			buildActionMask = 2147483647;
			files = (
			);
			runOnlyForDeploymentPostprocessing = 0;
		};
		54A20C4D2DDA0F59007E1C41 /* Resources */ = {
			isa = PBXResourcesBuildPhase;
			buildActionMask = 2147483647;
			files = (
			);
			runOnlyForDeploymentPostprocessing = 0;
		};
		54A20C572DDA0F59007E1C41 /* Resources */ = {
			isa = PBXResourcesBuildPhase;
			buildActionMask = 2147483647;
			files = (
			);
			runOnlyForDeploymentPostprocessing = 0;
		};
/* End PBXResourcesBuildPhase section */

/* Begin PBXSourcesBuildPhase section */
		54A20C352DDA0F58007E1C41 /* Sources */ = {
			isa = PBXSourcesBuildPhase;
			buildActionMask = 2147483647;
			files = (
			);
			runOnlyForDeploymentPostprocessing = 0;
		};
		54A20C4B2DDA0F59007E1C41 /* Sources */ = {
			isa = PBXSourcesBuildPhase;
			buildActionMask = 2147483647;
			files = (
			);
			runOnlyForDeploymentPostprocessing = 0;
		};
		54A20C552DDA0F59007E1C41 /* Sources */ = {
			isa = PBXSourcesBuildPhase;
			buildActionMask = 2147483647;
			files = (
			);
			runOnlyForDeploymentPostprocessing = 0;
		};
/* End PBXSourcesBuildPhase section */

/* Begin PBXTargetDependency section */
		54A20C512DDA0F59007E1C41 /* PBXTargetDependency */ = {
			isa = PBXTargetDependency;
			target = 54A20C382DDA0F58007E1C41 /* homebank */;
			targetProxy = 54A20C502DDA0F59007E1C41 /* PBXContainerItemProxy */;
		};
		54A20C5B2DDA0F59007E1C41 /* PBXTargetDependency */ = {
			isa = PBXTargetDependency;
			target = 54A20C382DDA0F58007E1C41 /* homebank */;
			targetProxy = 54A20C5A2DDA0F59007E1C41 /* PBXContainerItemProxy */;
		};
/* End PBXTargetDependency section */

/* Begin XCBuildConfiguration section */
		54A20C632DDA0F59007E1C41 /* Debug */ = {
			isa = XCBuildConfiguration;
			buildSettings = {
				ASSETCATALOG_COMPILER_APPICON_NAME = AppIcon;
				ASSETCATALOG_COMPILER_GLOBAL_ACCENT_COLOR_NAME = AccentColor;
				CODE_SIGN_STYLE = Automatic;
				CURRENT_PROJECT_VERSION = 1;
				GENERATE_INFOPLIST_FILE = YES;
				INFOPLIST_FILE = homebank/Info.plist;
				INFOPLIST_KEY_UIApplicationSupportsIndirectInputEvents = YES;
				INFOPLIST_KEY_UILaunchStoryboardName = LaunchScreen;
				INFOPLIST_KEY_UIMainStoryboardFile = LaunchScreen;
				INFOPLIST_KEY_UISupportedInterfaceOrientations_iPad = "UIInterfaceOrientationPortrait UIInterfaceOrientationPortraitUpsideDown UIInterfaceOrientationLandscapeLeft UIInterfaceOrientationLandscapeRight";
				INFOPLIST_KEY_UISupportedInterfaceOrientations_iPhone = "UIInterfaceOrientationPortrait UIInterfaceOrientationLandscapeLeft UIInterfaceOrientationLandscapeRight";
				IPHONEOS_DEPLOYMENT_TARGET = 14.0;
				LD_RUNPATH_SEARCH_PATHS = (
					"$(inherited)",
					"@executable_path/Frameworks",
				);
				MARKETING_VERSION = 1.0;
				PRODUCT_BUNDLE_IDENTIFIER = com.duyha.homebank;
				PRODUCT_NAME = "$(TARGET_NAME)";
				SWIFT_EMIT_LOC_STRINGS = YES;
				SWIFT_VERSION = 5.0;
				TARGETED_DEVICE_FAMILY = "1,2";
			};
			name = Debug;
		};
		54A20C642DDA0F59007E1C41 /* Release */ = {
			isa = XCBuildConfiguration;
			buildSettings = {
				ASSETCATALOG_COMPILER_APPICON_NAME = AppIcon;
				ASSETCATALOG_COMPILER_GLOBAL_ACCENT_COLOR_NAME = AccentColor;
				CODE_SIGN_STYLE = Automatic;
				CURRENT_PROJECT_VERSION = 1;
				GENERATE_INFOPLIST_FILE = YES;
				INFOPLIST_FILE = homebank/Info.plist;
				INFOPLIST_KEY_UIApplicationSupportsIndirectInputEvents = YES;
				INFOPLIST_KEY_UILaunchStoryboardName = LaunchScreen;
				INFOPLIST_KEY_UIMainStoryboardFile = LaunchScreen;
				INFOPLIST_KEY_UISupportedInterfaceOrientations_iPad = "UIInterfaceOrientationPortrait UIInterfaceOrientationPortraitUpsideDown UIInterfaceOrientationLandscapeLeft UIInterfaceOrientationLandscapeRight";
				INFOPLIST_KEY_UISupportedInterfaceOrientations_iPhone = "UIInterfaceOrientationPortrait UIInterfaceOrientationLandscapeLeft UIInterfaceOrientationLandscapeRight";
				IPHONEOS_DEPLOYMENT_TARGET = 14.0;
				LD_RUNPATH_SEARCH_PATHS = (
					"$(inherited)",
					"@executable_path/Frameworks",
				);
				MARKETING_VERSION = 1.0;
				PRODUCT_BUNDLE_IDENTIFIER = com.duyha.homebank;
				PRODUCT_NAME = "$(TARGET_NAME)";
				SWIFT_EMIT_LOC_STRINGS = YES;
				SWIFT_VERSION = 5.0;
				TARGETED_DEVICE_FAMILY = "1,2";
			};
			name = Release;
		};
		54A20C652DDA0F59007E1C41 /* Debug */ = {
			isa = XCBuildConfiguration;
			buildSettings = {
				ALWAYS_SEARCH_USER_PATHS = NO;
				ASSETCATALOG_COMPILER_GENERATE_SWIFT_ASSET_SYMBOL_EXTENSIONS = YES;
				CLANG_ANALYZER_NONNULL = YES;
				CLANG_ANALYZER_NUMBER_OBJECT_CONVERSION = YES_AGGRESSIVE;
				CLANG_CXX_LANGUAGE_STANDARD = "gnu++20";
				CLANG_ENABLE_MODULES = YES;
				CLANG_ENABLE_OBJC_ARC = YES;
				CLANG_ENABLE_OBJC_WEAK = YES;
				CLANG_WARN_BLOCK_CAPTURE_AUTORELEASING = YES;
				CLANG_WARN_BOOL_CONVERSION = YES;
				CLANG_WARN_COMMA = YES;
				CLANG_WARN_CONSTANT_CONVERSION = YES;
				CLANG_WARN_DEPRECATED_OBJC_IMPLEMENTATIONS = YES;
				CLANG_WARN_DIRECT_OBJC_ISA_USAGE = YES_ERROR;
				CLANG_WARN_DOCUMENTATION_COMMENTS = YES;
				CLANG_WARN_EMPTY_BODY = YES;
				CLANG_WARN_ENUM_CONVERSION = YES;
				CLANG_WARN_INFINITE_RECURSION = YES;
				CLANG_WARN_INT_CONVERSION = YES;
				CLANG_WARN_NON_LITERAL_NULL_CONVERSION = YES;
				CLANG_WARN_OBJC_IMPLICIT_RETAIN_SELF = YES;
				CLANG_WARN_OBJC_LITERAL_CONVERSION = YES;
				CLANG_WARN_OBJC_ROOT_CLASS = YES_ERROR;
				CLANG_WARN_QUOTED_INCLUDE_IN_FRAMEWORK_HEADER = YES;
				CLANG_WARN_RANGE_LOOP_ANALYSIS = YES;
				CLANG_WARN_STRICT_PROTOTYPES = YES;
				CLANG_WARN_SUSPICIOUS_MOVE = YES;
				CLANG_WARN_UNGUARDED_AVAILABILITY = YES_AGGRESSIVE;
				CLANG_WARN_UNREACHABLE_CODE = YES;
				CLANG_WARN__DUPLICATE_METHOD_MATCH = YES;
				COPY_PHASE_STRIP = NO;
				DEBUG_INFORMATION_FORMAT = dwarf;
				ENABLE_STRICT_OBJC_MSGSEND = YES;
				ENABLE_TESTABILITY = YES;
				ENABLE_USER_SCRIPT_SANDBOXING = YES;
				GCC_C_LANGUAGE_STANDARD = gnu17;
				GCC_DYNAMIC_NO_PIC = NO;
				GCC_NO_COMMON_BLOCKS = YES;
				GCC_OPTIMIZATION_LEVEL = 0;
				GCC_PREPROCESSOR_DEFINITIONS = (
					"DEBUG=1",
					"$(inherited)",
				);
				GCC_WARN_64_TO_32_BIT_CONVERSION = YES;
				GCC_WARN_ABOUT_RETURN_TYPE = YES_ERROR;
				GCC_WARN_UNDECLARED_SELECTOR = YES;
				GCC_WARN_UNINITIALIZED_AUTOS = YES_AGGRESSIVE;
				GCC_WARN_UNUSED_FUNCTION = YES;
				GCC_WARN_UNUSED_VARIABLE = YES;
				IPHONEOS_DEPLOYMENT_TARGET = 18.2;
				LOCALIZATION_PREFERS_STRING_CATALOGS = YES;
				MTL_ENABLE_DEBUG_INFO = INCLUDE_SOURCE;
				MTL_FAST_MATH = YES;
				ONLY_ACTIVE_ARCH = YES;
				SDKROOT = iphoneos;
				SWIFT_ACTIVE_COMPILATION_CONDITIONS = "DEBUG $(inherited)";
				SWIFT_OPTIMIZATION_LEVEL = "-Onone";
			};
			name = Debug;
		};
		54A20C662DDA0F59007E1C41 /* Release */ = {
			isa = XCBuildConfiguration;
			buildSettings = {
				ALWAYS_SEARCH_USER_PATHS = NO;
				ASSETCATALOG_COMPILER_GENERATE_SWIFT_ASSET_SYMBOL_EXTENSIONS = YES;
				CLANG_ANALYZER_NONNULL = YES;
				CLANG_ANALYZER_NUMBER_OBJECT_CONVERSION = YES_AGGRESSIVE;
				CLANG_CXX_LANGUAGE_STANDARD = "gnu++20";
				CLANG_ENABLE_MODULES = YES;
				CLANG_ENABLE_OBJC_ARC = YES;
				CLANG_ENABLE_OBJC_WEAK = YES;
				CLANG_WARN_BLOCK_CAPTURE_AUTORELEASING = YES;
				CLANG_WARN_BOOL_CONVERSION = YES;
				CLANG_WARN_COMMA = YES;
				CLANG_WARN_CONSTANT_CONVERSION = YES;
				CLANG_WARN_DEPRECATED_OBJC_IMPLEMENTATIONS = YES;
				CLANG_WARN_DIRECT_OBJC_ISA_USAGE = YES_ERROR;
				CLANG_WARN_DOCUMENTATION_COMMENTS = YES;
				CLANG_WARN_EMPTY_BODY = YES;
				CLANG_WARN_ENUM_CONVERSION = YES;
				CLANG_WARN_INFINITE_RECURSION = YES;
				CLANG_WARN_INT_CONVERSION = YES;
				CLANG_WARN_NON_LITERAL_NULL_CONVERSION = YES;
				CLANG_WARN_OBJC_IMPLICIT_RETAIN_SELF = YES;
				CLANG_WARN_OBJC_LITERAL_CONVERSION = YES;
				CLANG_WARN_OBJC_ROOT_CLASS = YES_ERROR;
				CLANG_WARN_QUOTED_INCLUDE_IN_FRAMEWORK_HEADER = YES;
				CLANG_WARN_RANGE_LOOP_ANALYSIS = YES;
				CLANG_WARN_STRICT_PROTOTYPES = YES;
				CLANG_WARN_SUSPICIOUS_MOVE = YES;
				CLANG_WARN_UNGUARDED_AVAILABILITY = YES_AGGRESSIVE;
				CLANG_WARN_UNREACHABLE_CODE = YES;
				CLANG_WARN__DUPLICATE_METHOD_MATCH = YES;
				COPY_PHASE_STRIP = NO;
				DEBUG_INFORMATION_FORMAT = "dwarf-with-dsym";
				ENABLE_NS_ASSERTIONS = NO;
				ENABLE_STRICT_OBJC_MSGSEND = YES;
				ENABLE_USER_SCRIPT_SANDBOXING = YES;
				GCC_C_LANGUAGE_STANDARD = gnu17;
				GCC_NO_COMMON_BLOCKS = YES;
				GCC_WARN_64_TO_32_BIT_CONVERSION = YES;
				GCC_WARN_ABOUT_RETURN_TYPE = YES_ERROR;
				GCC_WARN_UNDECLARED_SELECTOR = YES;
				GCC_WARN_UNINITIALIZED_AUTOS = YES_AGGRESSIVE;
				GCC_WARN_UNUSED_FUNCTION = YES;
				GCC_WARN_UNUSED_VARIABLE = YES;
				IPHONEOS_DEPLOYMENT_TARGET = 18.2;
				LOCALIZATION_PREFERS_STRING_CATALOGS = YES;
				MTL_ENABLE_DEBUG_INFO = NO;
				MTL_FAST_MATH = YES;
				SDKROOT = iphoneos;
				SWIFT_COMPILATION_MODE = wholemodule;
				VALIDATE_PRODUCT = YES;
			};
			name = Release;
		};
		54A20C682DDA0F59007E1C41 /* Debug */ = {
			isa = XCBuildConfiguration;
			buildSettings = {
				BUNDLE_LOADER = "$(TEST_HOST)";
				CODE_SIGN_STYLE = Automatic;
				CURRENT_PROJECT_VERSION = 1;
				GENERATE_INFOPLIST_FILE = YES;
				IPHONEOS_DEPLOYMENT_TARGET = 14.0;
				MARKETING_VERSION = 1.0;
				PRODUCT_BUNDLE_IDENTIFIER = com.duyha.homebankTests;
				PRODUCT_NAME = "$(TARGET_NAME)";
				SWIFT_EMIT_LOC_STRINGS = NO;
				SWIFT_VERSION = 5.0;
				TARGETED_DEVICE_FAMILY = "1,2";
				TEST_HOST = "$(BUILT_PRODUCTS_DIR)/homebank.app/$(BUNDLE_EXECUTABLE_FOLDER_PATH)/homebank";
			};
			name = Debug;
		};
		54A20C692DDA0F59007E1C41 /* Release */ = {
			isa = XCBuildConfiguration;
			buildSettings = {
				BUNDLE_LOADER = "$(TEST_HOST)";
				CODE_SIGN_STYLE = Automatic;
				CURRENT_PROJECT_VERSION = 1;
				GENERATE_INFOPLIST_FILE = YES;
				IPHONEOS_DEPLOYMENT_TARGET = 14.0;
				MARKETING_VERSION = 1.0;
				PRODUCT_BUNDLE_IDENTIFIER = com.duyha.homebankTests;
				PRODUCT_NAME = "$(TARGET_NAME)";
				SWIFT_EMIT_LOC_STRINGS = NO;
				SWIFT_VERSION = 5.0;
				TARGETED_DEVICE_FAMILY = "1,2";
				TEST_HOST = "$(BUILT_PRODUCTS_DIR)/homebank.app/$(BUNDLE_EXECUTABLE_FOLDER_PATH)/homebank";
			};
			name = Release;
		};
		54A20C6B2DDA0F59007E1C41 /* Debug */ = {
			isa = XCBuildConfiguration;
			buildSettings = {
				CODE_SIGN_STYLE = Automatic;
				CURRENT_PROJECT_VERSION = 1;
				GENERATE_INFOPLIST_FILE = YES;
				IPHONEOS_DEPLOYMENT_TARGET = 14.0;
				MARKETING_VERSION = 1.0;
				PRODUCT_BUNDLE_IDENTIFIER = com.duyha.homebankUITests;
				PRODUCT_NAME = "$(TARGET_NAME)";
				SWIFT_EMIT_LOC_STRINGS = NO;
				SWIFT_VERSION = 5.0;
				TARGETED_DEVICE_FAMILY = "1,2";
				TEST_TARGET_NAME = homebank;
			};
			name = Debug;
		};
		54A20C6C2DDA0F59007E1C41 /* Release */ = {
			isa = XCBuildConfiguration;
			buildSettings = {
				CODE_SIGN_STYLE = Automatic;
				CURRENT_PROJECT_VERSION = 1;
				GENERATE_INFOPLIST_FILE = YES;
				IPHONEOS_DEPLOYMENT_TARGET = 14.0;
				MARKETING_VERSION = 1.0;
				PRODUCT_BUNDLE_IDENTIFIER = com.duyha.homebankUITests;
				PRODUCT_NAME = "$(TARGET_NAME)";
				SWIFT_EMIT_LOC_STRINGS = NO;
				SWIFT_VERSION = 5.0;
				TARGETED_DEVICE_FAMILY = "1,2";
				TEST_TARGET_NAME = homebank;
			};
			name = Release;
		};
/* End XCBuildConfiguration section */

/* Begin XCConfigurationList section */
		54A20C342DDA0F58007E1C41 /* Build configuration list for PBXProject "homebank" */ = {
			isa = XCConfigurationList;
			buildConfigurations = (
				54A20C652DDA0F59007E1C41 /* Debug */,
				54A20C662DDA0F59007E1C41 /* Release */,
			);
			defaultConfigurationIsVisible = 0;
			defaultConfigurationName = Release;
		};
		54A20C622DDA0F59007E1C41 /* Build configuration list for PBXNativeTarget "homebank" */ = {
			isa = XCConfigurationList;
			buildConfigurations = (
				54A20C632DDA0F59007E1C41 /* Debug */,
				54A20C642DDA0F59007E1C41 /* Release */,
			);
			defaultConfigurationIsVisible = 0;
			defaultConfigurationName = Release;
		};
		54A20C672DDA0F59007E1C41 /* Build configuration list for PBXNativeTarget "homebankTests" */ = {
			isa = XCConfigurationList;
			buildConfigurations = (
				54A20C682DDA0F59007E1C41 /* Debug */,
				54A20C692DDA0F59007E1C41 /* Release */,
			);
			defaultConfigurationIsVisible = 0;
			defaultConfigurationName = Release;
		};
		54A20C6A2DDA0F59007E1C41 /* Build configuration list for PBXNativeTarget "homebankUITests" */ = {
			isa = XCConfigurationList;
			buildConfigurations = (
				54A20C6B2DDA0F59007E1C41 /* Debug */,
				54A20C6C2DDA0F59007E1C41 /* Release */,
			);
			defaultConfigurationIsVisible = 0;
			defaultConfigurationName = Release;
		};
/* End XCConfigurationList section */

/* Begin XCSwiftPackageProductDependency section */
		54FD646C2DDA105400874B53 /* CoreKit */ = {
			isa = XCSwiftPackageProductDependency;
			productName = CoreKit;
		};
		54FD646E2DDA105400874B53 /* DataKit */ = {
			isa = XCSwiftPackageProductDependency;
			productName = DataKit;
		};
		54FD64702DDA105400874B53 /* DomainRepositories */ = {
			isa = XCSwiftPackageProductDependency;
			productName = DomainRepositories;
		};
		54FD64722DDA105400874B53 /* GlobalEntities */ = {
			isa = XCSwiftPackageProductDependency;
			productName = GlobalEntities;
		};
		54FD64742DDA105400874B53 /* GlobalUsecase */ = {
			isa = XCSwiftPackageProductDependency;
			productName = GlobalUsecase;
		};
		54FD64762DDA105400874B53 /* HomeGitKit */ = {
			isa = XCSwiftPackageProductDependency;
			productName = HomeGitKit;
		};
		54FD64782DDA105400874B53 /* NetworkProvider */ = {
			isa = XCSwiftPackageProductDependency;
			productName = NetworkProvider;
		};
		54FD647A2DDA105400874B53 /* PersistentStorages */ = {
			isa = XCSwiftPackageProductDependency;
			productName = PersistentStorages;
		};
/* End XCSwiftPackageProductDependency section */
	};
	rootObject = 54A20C312DDA0F58007E1C41 /* Project object */;
}
